
Microsoft Visual Studio Solution File, Format Version 12.00
# Visual Studio 15
VisualStudioVersion = 15.0.28010.2050
MinimumVisualStudioVersion = 10.0.40219.1
Project("{FAE04EC0-301F-11D3-BF4B-00C04F79EFBC}") = "Individual_Coursework", "Individual_Coursework\Individual_Coursework.csproj", "{C46D24FC-9B6A-427D-9702-862FBC576AB6}"
EndProject
Global
	GlobalSection(SolutionConfigurationPlatforms) = preSolution
		Debug|Any CPU = Debug|Any CPU
		Release|Any CPU = Release|Any CPU
	EndGlobalSection
	GlobalSection(ProjectConfigurationPlatforms) = postSolution
		{C46D24FC-9B6A-427D-9702-862FBC576AB6}.Debug|Any CPU.ActiveCfg = Debug|Any CPU
		{C46D24FC-9B6A-427D-9702-862FBC576AB6}.Debug|Any CPU.Build.0 = Debug|Any CPU
		{C46D24FC-9B6A-427D-9702-862FBC576AB6}.Release|Any CPU.ActiveCfg = Release|Any CPU
		{C46D24FC-9B6A-427D-9702-862FBC576AB6}.Release|Any CPU.Build.0 = Release|Any CPU
	EndGlobalSection
	GlobalSection(SolutionProperties) = preSolution
		HideSolutionNode = FALSE
	EndGlobalSection
	GlobalSection(ExtensibilityGlobals) = postSolution
		SolutionGuid = {2893B0AB-3200-47DC-8E9B-F25C9B469770}
	EndGlobalSection
EndGlobal
